{
  "name": "dungeonbreak",
  "version": "0.0.1",
  "lockfileVersion": 3,
  "requires": true,
  "packages": {
    "": {
      "name": "dungeonbreak",
      "version": "0.0.1",
      "devDependencies": {},
      "optionalDependencies": {
        "@forge/forge-loop": "latest"
      }
    },
    "node_modules/@forge/forge-loop": {
      "optional": true
    }
  }
}
